
Microsoft Visual Studio Solution File, Format Version 12.00
# Visual Studio Version 17
VisualStudioVersion = 17.7.34024.191
MinimumVisualStudioVersion = 10.0.40219.1
Project("{FAE04EC0-301F-11D3-BF4B-00C04F79EFBC}") = "GeniusIdiotConsoleApp", "GeniusIdiotConsoleApp\GeniusIdiotConsoleApp.csproj", "{A9EBBE8A-7C1A-4B9E-8CEE-846B9635DF27}"
EndProject
Global
	GlobalSection(SolutionConfigurationPlatforms) = preSolution
		Debug|Any CPU = Debug|Any CPU
		Release|Any CPU = Release|Any CPU
	EndGlobalSection
	GlobalSection(ProjectConfigurationPlatforms) = postSolution
		{A9EBBE8A-7C1A-4B9E-8CEE-846B9635DF27}.Debug|Any CPU.ActiveCfg = Debug|Any CPU
		{A9EBBE8A-7C1A-4B9E-8CEE-846B9635DF27}.Debug|Any CPU.Build.0 = Debug|Any CPU
		{A9EBBE8A-7C1A-4B9E-8CEE-846B9635DF27}.Release|Any CPU.ActiveCfg = Release|Any CPU
		{A9EBBE8A-7C1A-4B9E-8CEE-846B9635DF27}.Release|Any CPU.Build.0 = Release|Any CPU
	EndGlobalSection
	GlobalSection(SolutionProperties) = preSolution
		HideSolutionNode = FALSE
	EndGlobalSection
	GlobalSection(ExtensibilityGlobals) = postSolution
		SolutionGuid = {2F7288F8-1AED-46C7-9004-778C323C41D7}
	EndGlobalSection
EndGlobal
